// !$*UTF8*$!
{
	archiveVersion = 1;
	classes = {
	};
	objectVersion = 56;
	objects = {

/* Begin PBXBuildFile section */
		2C45670E2BE495C500F63F7D /* HomeViewController.swift in Sources */ = {isa = PBXBuildFile; fileRef = 2C45670D2BE495C500F63F7D /* HomeViewController.swift */; };
		2C4567122BE49BDD00F63F7D /* FeedTableViewCell.swift in Sources */ = {isa = PBXBuildFile; fileRef = 2C4567102BE49BDD00F63F7D /* FeedTableViewCell.swift */; };
		2C4567132BE49BDD00F63F7D /* FeedTableViewCell.xib in Resources */ = {isa = PBXBuildFile; fileRef = 2C4567112BE49BDD00F63F7D /* FeedTableViewCell.xib */; };
		2C4567162BE4AAFE00F63F7D /* StoryTableViewCell.swift in Sources */ = {isa = PBXBuildFile; fileRef = 2C4567142BE4AAFE00F63F7D /* StoryTableViewCell.swift */; };
		2C4567172BE4AAFE00F63F7D /* StoryTableViewCell.xib in Resources */ = {isa = PBXBuildFile; fileRef = 2C4567152BE4AAFE00F63F7D /* StoryTableViewCell.xib */; };
		2C45671A2BE4B0A300F63F7D /* StoryCollectionViewCell.swift in Sources */ = {isa = PBXBuildFile; fileRef = 2C4567182BE4B0A300F63F7D /* StoryCollectionViewCell.swift */; };
		2C45671B2BE4B0A300F63F7D /* StoryCollectionViewCell.xib in Resources */ = {isa = PBXBuildFile; fileRef = 2C4567192BE4B0A300F63F7D /* StoryCollectionViewCell.xib */; };
		2C45671D2BE4B86100F63F7D /* UIView+Extension.swift in Sources */ = {isa = PBXBuildFile; fileRef = 2C45671C2BE4B86100F63F7D /* UIView+Extension.swift */; };
		2C45671F2BE4B98E00F63F7D /* UIViewController+Extension.swift in Sources */ = {isa = PBXBuildFile; fileRef = 2C45671E2BE4B98E00F63F7D /* UIViewController+Extension.swift */; };
		2C6E72202BE3913B001B93CD /* AppDelegate.swift in Sources */ = {isa = PBXBuildFile; fileRef = 2C6E721F2BE3913B001B93CD /* AppDelegate.swift */; };
		2C6E72222BE3913B001B93CD /* SceneDelegate.swift in Sources */ = {isa = PBXBuildFile; fileRef = 2C6E72212BE3913B001B93CD /* SceneDelegate.swift */; };
		2C6E72272BE3913B001B93CD /* Base in Resources */ = {isa = PBXBuildFile; fileRef = 2C6E72262BE3913B001B93CD /* Base */; };
		2C6E72292BE3913C001B93CD /* Assets.xcassets in Resources */ = {isa = PBXBuildFile; fileRef = 2C6E72282BE3913C001B93CD /* Assets.xcassets */; };
		2C6E722C2BE3913C001B93CD /* Base in Resources */ = {isa = PBXBuildFile; fileRef = 2C6E722B2BE3913C001B93CD /* Base */; };
		2C6E72342BE3BD89001B93CD /* LoginViewController.swift in Sources */ = {isa = PBXBuildFile; fileRef = 2C6E72332BE3BD89001B93CD /* LoginViewController.swift */; };
		2C6E72362BE3C412001B93CD /* RegisterViewController.swift in Sources */ = {isa = PBXBuildFile; fileRef = 2C6E72352BE3C412001B93CD /* RegisterViewController.swift */; };
		2C93DDDF2BE4C66A00BAAE0D /* UserInfo.swift in Sources */ = {isa = PBXBuildFile; fileRef = 2C93DDDE2BE4C66A00BAAE0D /* UserInfo.swift */; };
/* End PBXBuildFile section */

/* Begin PBXFileReference section */
		2C45670D2BE495C500F63F7D /* HomeViewController.swift */ = {isa = PBXFileReference; lastKnownFileType = sourcecode.swift; path = HomeViewController.swift; sourceTree = "<group>"; };
		2C4567102BE49BDD00F63F7D /* FeedTableViewCell.swift */ = {isa = PBXFileReference; lastKnownFileType = sourcecode.swift; path = FeedTableViewCell.swift; sourceTree = "<group>"; };
		2C4567112BE49BDD00F63F7D /* FeedTableViewCell.xib */ = {isa = PBXFileReference; lastKnownFileType = file.xib; path = FeedTableViewCell.xib; sourceTree = "<group>"; };
		2C4567142BE4AAFE00F63F7D /* StoryTableViewCell.swift */ = {isa = PBXFileReference; lastKnownFileType = sourcecode.swift; path = StoryTableViewCell.swift; sourceTree = "<group>"; };
		2C4567152BE4AAFE00F63F7D /* StoryTableViewCell.xib */ = {isa = PBXFileReference; lastKnownFileType = file.xib; path = StoryTableViewCell.xib; sourceTree = "<group>"; };
		2C4567182BE4B0A300F63F7D /* StoryCollectionViewCell.swift */ = {isa = PBXFileReference; lastKnownFileType = sourcecode.swift; path = StoryCollectionViewCell.swift; sourceTree = "<group>"; };
		2C4567192BE4B0A300F63F7D /* StoryCollectionViewCell.xib */ = {isa = PBXFileReference; lastKnownFileType = file.xib; path = StoryCollectionViewCell.xib; sourceTree = "<group>"; };
		2C45671C2BE4B86100F63F7D /* UIView+Extension.swift */ = {isa = PBXFileReference; lastKnownFileType = sourcecode.swift; path = "UIView+Extension.swift"; sourceTree = "<group>"; };
		2C45671E2BE4B98E00F63F7D /* UIViewController+Extension.swift */ = {isa = PBXFileReference; lastKnownFileType = sourcecode.swift; path = "UIViewController+Extension.swift"; sourceTree = "<group>"; };
		2C6E721C2BE3913B001B93CD /* Catstagram.app */ = {isa = PBXFileReference; explicitFileType = wrapper.application; includeInIndex = 0; path = Catstagram.app; sourceTree = BUILT_PRODUCTS_DIR; };
		2C6E721F2BE3913B001B93CD /* AppDelegate.swift */ = {isa = PBXFileReference; lastKnownFileType = sourcecode.swift; path = AppDelegate.swift; sourceTree = "<group>"; };
		2C6E72212BE3913B001B93CD /* SceneDelegate.swift */ = {isa = PBXFileReference; lastKnownFileType = sourcecode.swift; path = SceneDelegate.swift; sourceTree = "<group>"; };
		2C6E72262BE3913B001B93CD /* Base */ = {isa = PBXFileReference; lastKnownFileType = file.storyboard; name = Base; path = Base.lproj/Main.storyboard; sourceTree = "<group>"; };
		2C6E72282BE3913C001B93CD /* Assets.xcassets */ = {isa = PBXFileReference; lastKnownFileType = folder.assetcatalog; path = Assets.xcassets; sourceTree = "<group>"; };
		2C6E722B2BE3913C001B93CD /* Base */ = {isa = PBXFileReference; lastKnownFileType = file.storyboard; name = Base; path = Base.lproj/LaunchScreen.storyboard; sourceTree = "<group>"; };
		2C6E722D2BE3913C001B93CD /* Info.plist */ = {isa = PBXFileReference; lastKnownFileType = text.plist.xml; path = Info.plist; sourceTree = "<group>"; };
		2C6E72332BE3BD89001B93CD /* LoginViewController.swift */ = {isa = PBXFileReference; lastKnownFileType = sourcecode.swift; path = LoginViewController.swift; sourceTree = "<group>"; };
		2C6E72352BE3C412001B93CD /* RegisterViewController.swift */ = {isa = PBXFileReference; lastKnownFileType = sourcecode.swift; path = RegisterViewController.swift; sourceTree = "<group>"; };
		2C93DDDE2BE4C66A00BAAE0D /* UserInfo.swift */ = {isa = PBXFileReference; lastKnownFileType = sourcecode.swift; path = UserInfo.swift; sourceTree = "<group>"; };
/* End PBXFileReference section */

/* Begin PBXFrameworksBuildPhase section */
		2C6E72192BE3913B001B93CD /* Frameworks */ = {
			isa = PBXFrameworksBuildPhase;
			buildActionMask = 2147483647;
			files = (
			);
			runOnlyForDeploymentPostprocessing = 0;
		};
/* End PBXFrameworksBuildPhase section */

/* Begin PBXGroup section */
		2C45670A2BE4956E00F63F7D /* Home */ = {
			isa = PBXGroup;
			children = (
				2C45670F2BE49B9700F63F7D /* Cell */,
				2C45670D2BE495C500F63F7D /* HomeViewController.swift */,
			);
			path = Home;
			sourceTree = "<group>";
		};
		2C45670F2BE49B9700F63F7D /* Cell */ = {
			isa = PBXGroup;
			children = (
				2C4567102BE49BDD00F63F7D /* FeedTableViewCell.swift */,
				2C4567112BE49BDD00F63F7D /* FeedTableViewCell.xib */,
				2C4567142BE4AAFE00F63F7D /* StoryTableViewCell.swift */,
				2C4567152BE4AAFE00F63F7D /* StoryTableViewCell.xib */,
				2C4567182BE4B0A300F63F7D /* StoryCollectionViewCell.swift */,
				2C4567192BE4B0A300F63F7D /* StoryCollectionViewCell.xib */,
			);
			path = Cell;
			sourceTree = "<group>";
		};
		2C6E72132BE3913B001B93CD = {
			isa = PBXGroup;
			children = (
				2C6E721E2BE3913B001B93CD /* Catstagram */,
				2C6E721D2BE3913B001B93CD /* Products */,
			);
			sourceTree = "<group>";
		};
		2C6E721D2BE3913B001B93CD /* Products */ = {
			isa = PBXGroup;
			children = (
				2C6E721C2BE3913B001B93CD /* Catstagram.app */,
			);
			name = Products;
			sourceTree = "<group>";
		};
		2C6E721E2BE3913B001B93CD /* Catstagram */ = {
			isa = PBXGroup;
			children = (
				2C45670A2BE4956E00F63F7D /* Home */,
				2C6E721F2BE3913B001B93CD /* AppDelegate.swift */,
				2C6E72212BE3913B001B93CD /* SceneDelegate.swift */,
				2C6E72252BE3913B001B93CD /* Main.storyboard */,
				2C6E72332BE3BD89001B93CD /* LoginViewController.swift */,
				2C6E72352BE3C412001B93CD /* RegisterViewController.swift */,
				2C6E72282BE3913C001B93CD /* Assets.xcassets */,
				2C6E722A2BE3913C001B93CD /* LaunchScreen.storyboard */,
				2C6E722D2BE3913C001B93CD /* Info.plist */,
				2C45671C2BE4B86100F63F7D /* UIView+Extension.swift */,
				2C45671E2BE4B98E00F63F7D /* UIViewController+Extension.swift */,
				2C93DDDE2BE4C66A00BAAE0D /* UserInfo.swift */,
			);
			path = Catstagram;
			sourceTree = "<group>";
		};
/* End PBXGroup section */

/* Begin PBXNativeTarget section */
		2C6E721B2BE3913B001B93CD /* Catstagram */ = {
			isa = PBXNativeTarget;
			buildConfigurationList = 2C6E72302BE3913C001B93CD /* Build configuration list for PBXNativeTarget "Catstagram" */;
			buildPhases = (
				2C6E72182BE3913B001B93CD /* Sources */,
				2C6E72192BE3913B001B93CD /* Frameworks */,
				2C6E721A2BE3913B001B93CD /* Resources */,
			);
			buildRules = (
			);
			dependencies = (
			);
			name = Catstagram;
			productName = Catstagram;
			productReference = 2C6E721C2BE3913B001B93CD /* Catstagram.app */;
			productType = "com.apple.product-type.application";
		};
/* End PBXNativeTarget section */

/* Begin PBXProject section */
		2C6E72142BE3913B001B93CD /* Project object */ = {
			isa = PBXProject;
			attributes = {
				BuildIndependentTargetsInParallel = 1;
				LastSwiftUpdateCheck = 1530;
				LastUpgradeCheck = 1530;
				TargetAttributes = {
					2C6E721B2BE3913B001B93CD = {
						CreatedOnToolsVersion = 15.3;
					};
				};
			};
			buildConfigurationList = 2C6E72172BE3913B001B93CD /* Build configuration list for PBXProject "Catstagram" */;
			compatibilityVersion = "Xcode 14.0";
			developmentRegion = en;
			hasScannedForEncodings = 0;
			knownRegions = (
				en,
				Base,
			);
			mainGroup = 2C6E72132BE3913B001B93CD;
			productRefGroup = 2C6E721D2BE3913B001B93CD /* Products */;
			projectDirPath = "";
			projectRoot = "";
			targets = (
				2C6E721B2BE3913B001B93CD /* Catstagram */,
			);
		};
/* End PBXProject section */

/* Begin PBXResourcesBuildPhase section */
		2C6E721A2BE3913B001B93CD /* Resources */ = {
			isa = PBXResourcesBuildPhase;
			buildActionMask = 2147483647;
			files = (
				2C6E72292BE3913C001B93CD /* Assets.xcassets in Resources */,
				2C4567132BE49BDD00F63F7D /* FeedTableViewCell.xib in Resources */,
				2C6E722C2BE3913C001B93CD /* Base in Resources */,
				2C4567172BE4AAFE00F63F7D /* StoryTableViewCell.xib in Resources */,
				2C45671B2BE4B0A300F63F7D /* StoryCollectionViewCell.xib in Resources */,
				2C6E72272BE3913B001B93CD /* Base in Resources */,
			);
			runOnlyForDeploymentPostprocessing = 0;
		};
/* End PBXResourcesBuildPhase section */

/* Begin PBXSourcesBuildPhase section */
		2C6E72182BE3913B001B93CD /* Sources */ = {
			isa = PBXSourcesBuildPhase;
			buildActionMask = 2147483647;
			files = (
				2C45671A2BE4B0A300F63F7D /* StoryCollectionViewCell.swift in Sources */,
				2C45670E2BE495C500F63F7D /* HomeViewController.swift in Sources */,
				2C4567122BE49BDD00F63F7D /* FeedTableViewCell.swift in Sources */,
				2C45671D2BE4B86100F63F7D /* UIView+Extension.swift in Sources */,
				2C6E72342BE3BD89001B93CD /* LoginViewController.swift in Sources */,
				2C6E72202BE3913B001B93CD /* AppDelegate.swift in Sources */,
				2C6E72222BE3913B001B93CD /* SceneDelegate.swift in Sources */,
				2C6E72362BE3C412001B93CD /* RegisterViewController.swift in Sources */,
				2C45671F2BE4B98E00F63F7D /* UIViewController+Extension.swift in Sources */,
				2C93DDDF2BE4C66A00BAAE0D /* UserInfo.swift in Sources */,
				2C4567162BE4AAFE00F63F7D /* StoryTableViewCell.swift in Sources */,
			);
			runOnlyForDeploymentPostprocessing = 0;
		};
/* End PBXSourcesBuildPhase section */

/* Begin PBXVariantGroup section */
		2C6E72252BE3913B001B93CD /* Main.storyboard */ = {
			isa = PBXVariantGroup;
			children = (
				2C6E72262BE3913B001B93CD /* Base */,
			);
			name = Main.storyboard;
			sourceTree = "<group>";
		};
		2C6E722A2BE3913C001B93CD /* LaunchScreen.storyboard */ = {
			isa = PBXVariantGroup;
			children = (
				2C6E722B2BE3913C001B93CD /* Base */,
			);
			name = LaunchScreen.storyboard;
			sourceTree = "<group>";
		};
/* End PBXVariantGroup section */

/* Begin XCBuildConfiguration section */
		2C6E722E2BE3913C001B93CD /* Debug */ = {
			isa = XCBuildConfiguration;
			buildSettings = {
				ALWAYS_SEARCH_USER_PATHS = NO;
				ASSETCATALOG_COMPILER_GENERATE_SWIFT_ASSET_SYMBOL_EXTENSIONS = YES;
				CLANG_ANALYZER_NONNULL = YES;
				CLANG_ANALYZER_NUMBER_OBJECT_CONVERSION = YES_AGGRESSIVE;
				CLANG_CXX_LANGUAGE_STANDARD = "gnu++20";
				CLANG_ENABLE_MODULES = YES;
				CLANG_ENABLE_OBJC_ARC = YES;
				CLANG_ENABLE_OBJC_WEAK = YES;
				CLANG_WARN_BLOCK_CAPTURE_AUTORELEASING = YES;
				CLANG_WARN_BOOL_CONVERSION = YES;
				CLANG_WARN_COMMA = YES;
				CLANG_WARN_CONSTANT_CONVERSION = YES;
				CLANG_WARN_DEPRECATED_OBJC_IMPLEMENTATIONS = YES;
				CLANG_WARN_DIRECT_OBJC_ISA_USAGE = YES_ERROR;
				CLANG_WARN_DOCUMENTATION_COMMENTS = YES;
				CLANG_WARN_EMPTY_BODY = YES;
				CLANG_WARN_ENUM_CONVERSION = YES;
				CLANG_WARN_INFINITE_RECURSION = YES;
				CLANG_WARN_INT_CONVERSION = YES;
				CLANG_WARN_NON_LITERAL_NULL_CONVERSION = YES;
				CLANG_WARN_OBJC_IMPLICIT_RETAIN_SELF = YES;
				CLANG_WARN_OBJC_LITERAL_CONVERSION = YES;
				CLANG_WARN_OBJC_ROOT_CLASS = YES_ERROR;
				CLANG_WARN_QUOTED_INCLUDE_IN_FRAMEWORK_HEADER = YES;
				CLANG_WARN_RANGE_LOOP_ANALYSIS = YES;
				CLANG_WARN_STRICT_PROTOTYPES = YES;
				CLANG_WARN_SUSPICIOUS_MOVE = YES;
				CLANG_WARN_UNGUARDED_AVAILABILITY = YES_AGGRESSIVE;
				CLANG_WARN_UNREACHABLE_CODE = YES;
				CLANG_WARN__DUPLICATE_METHOD_MATCH = YES;
				COPY_PHASE_STRIP = NO;
				DEBUG_INFORMATION_FORMAT = dwarf;
				ENABLE_STRICT_OBJC_MSGSEND = YES;
				ENABLE_TESTABILITY = YES;
				ENABLE_USER_SCRIPT_SANDBOXING = YES;
				GCC_C_LANGUAGE_STANDARD = gnu17;
				GCC_DYNAMIC_NO_PIC = NO;
				GCC_NO_COMMON_BLOCKS = YES;
				GCC_OPTIMIZATION_LEVEL = 0;
				GCC_PREPROCESSOR_DEFINITIONS = (
					"DEBUG=1",
					"$(inherited)",
				);
				GCC_WARN_64_TO_32_BIT_CONVERSION = YES;
				GCC_WARN_ABOUT_RETURN_TYPE = YES_ERROR;
				GCC_WARN_UNDECLARED_SELECTOR = YES;
				GCC_WARN_UNINITIALIZED_AUTOS = YES_AGGRESSIVE;
				GCC_WARN_UNUSED_FUNCTION = YES;
				GCC_WARN_UNUSED_VARIABLE = YES;
				IPHONEOS_DEPLOYMENT_TARGET = 17.4;
				LOCALIZATION_PREFERS_STRING_CATALOGS = YES;
				MTL_ENABLE_DEBUG_INFO = INCLUDE_SOURCE;
				MTL_FAST_MATH = YES;
				ONLY_ACTIVE_ARCH = YES;
				SDKROOT = iphoneos;
				SWIFT_ACTIVE_COMPILATION_CONDITIONS = "DEBUG $(inherited)";
				SWIFT_OPTIMIZATION_LEVEL = "-Onone";
			};
			name = Debug;
		};
		2C6E722F2BE3913C001B93CD /* Release */ = {
			isa = XCBuildConfiguration;
			buildSettings = {
				ALWAYS_SEARCH_USER_PATHS = NO;
				ASSETCATALOG_COMPILER_GENERATE_SWIFT_ASSET_SYMBOL_EXTENSIONS = YES;
				CLANG_ANALYZER_NONNULL = YES;
				CLANG_ANALYZER_NUMBER_OBJECT_CONVERSION = YES_AGGRESSIVE;
				CLANG_CXX_LANGUAGE_STANDARD = "gnu++20";
				CLANG_ENABLE_MODULES = YES;
				CLANG_ENABLE_OBJC_ARC = YES;
				CLANG_ENABLE_OBJC_WEAK = YES;
				CLANG_WARN_BLOCK_CAPTURE_AUTORELEASING = YES;
				CLANG_WARN_BOOL_CONVERSION = YES;
				CLANG_WARN_COMMA = YES;
				CLANG_WARN_CONSTANT_CONVERSION = YES;
				CLANG_WARN_DEPRECATED_OBJC_IMPLEMENTATIONS = YES;
				CLANG_WARN_DIRECT_OBJC_ISA_USAGE = YES_ERROR;
				CLANG_WARN_DOCUMENTATION_COMMENTS = YES;
				CLANG_WARN_EMPTY_BODY = YES;
				CLANG_WARN_ENUM_CONVERSION = YES;
				CLANG_WARN_INFINITE_RECURSION = YES;
				CLANG_WARN_INT_CONVERSION = YES;
				CLANG_WARN_NON_LITERAL_NULL_CONVERSION = YES;
				CLANG_WARN_OBJC_IMPLICIT_RETAIN_SELF = YES;
				CLANG_WARN_OBJC_LITERAL_CONVERSION = YES;
				CLANG_WARN_OBJC_ROOT_CLASS = YES_ERROR;
				CLANG_WARN_QUOTED_INCLUDE_IN_FRAMEWORK_HEADER = YES;
				CLANG_WARN_RANGE_LOOP_ANALYSIS = YES;
				CLANG_WARN_STRICT_PROTOTYPES = YES;
				CLANG_WARN_SUSPICIOUS_MOVE = YES;
				CLANG_WARN_UNGUARDED_AVAILABILITY = YES_AGGRESSIVE;
				CLANG_WARN_UNREACHABLE_CODE = YES;
				CLANG_WARN__DUPLICATE_METHOD_MATCH = YES;
				COPY_PHASE_STRIP = NO;
				DEBUG_INFORMATION_FORMAT = "dwarf-with-dsym";
				ENABLE_NS_ASSERTIONS = NO;
				ENABLE_STRICT_OBJC_MSGSEND = YES;
				ENABLE_USER_SCRIPT_SANDBOXING = YES;
				GCC_C_LANGUAGE_STANDARD = gnu17;
				GCC_NO_COMMON_BLOCKS = YES;
				GCC_WARN_64_TO_32_BIT_CONVERSION = YES;
				GCC_WARN_ABOUT_RETURN_TYPE = YES_ERROR;
				GCC_WARN_UNDECLARED_SELECTOR = YES;
				GCC_WARN_UNINITIALIZED_AUTOS = YES_AGGRESSIVE;
				GCC_WARN_UNUSED_FUNCTION = YES;
				GCC_WARN_UNUSED_VARIABLE = YES;
				IPHONEOS_DEPLOYMENT_TARGET = 17.4;
				LOCALIZATION_PREFERS_STRING_CATALOGS = YES;
				MTL_ENABLE_DEBUG_INFO = NO;
				MTL_FAST_MATH = YES;
				SDKROOT = iphoneos;
				SWIFT_COMPILATION_MODE = wholemodule;
				VALIDATE_PRODUCT = YES;
			};
			name = Release;
		};
		2C6E72312BE3913C001B93CD /* Debug */ = {
			isa = XCBuildConfiguration;
			buildSettings = {
				ASSETCATALOG_COMPILER_APPICON_NAME = AppIcon;
				ASSETCATALOG_COMPILER_GLOBAL_ACCENT_COLOR_NAME = AccentColor;
				CODE_SIGN_STYLE = Automatic;
				CURRENT_PROJECT_VERSION = 1;
				GENERATE_INFOPLIST_FILE = YES;
				INFOPLIST_FILE = Catstagram/Info.plist;
				INFOPLIST_KEY_UIApplicationSupportsIndirectInputEvents = YES;
				INFOPLIST_KEY_UILaunchStoryboardName = LaunchScreen;
				INFOPLIST_KEY_UIMainStoryboardFile = Main;
				INFOPLIST_KEY_UISupportedInterfaceOrientations_iPad = "UIInterfaceOrientationPortrait UIInterfaceOrientationPortraitUpsideDown UIInterfaceOrientationLandscapeLeft UIInterfaceOrientationLandscapeRight";
				INFOPLIST_KEY_UISupportedInterfaceOrientations_iPhone = "UIInterfaceOrientationPortrait UIInterfaceOrientationLandscapeLeft UIInterfaceOrientationLandscapeRight";
				LD_RUNPATH_SEARCH_PATHS = (
					"$(inherited)",
					"@executable_path/Frameworks",
				);
				MARKETING_VERSION = 1.0;
				PRODUCT_BUNDLE_IDENTIFIER = uno.Catstagram;
				PRODUCT_NAME = "$(TARGET_NAME)";
				SWIFT_EMIT_LOC_STRINGS = YES;
				SWIFT_VERSION = 5.0;
				TARGETED_DEVICE_FAMILY = "1,2";
			};
			name = Debug;
		};
		2C6E72322BE3913C001B93CD /* Release */ = {
			isa = XCBuildConfiguration;
			buildSettings = {
				ASSETCATALOG_COMPILER_APPICON_NAME = AppIcon;
				ASSETCATALOG_COMPILER_GLOBAL_ACCENT_COLOR_NAME = AccentColor;
				CODE_SIGN_STYLE = Automatic;
				CURRENT_PROJECT_VERSION = 1;
				GENERATE_INFOPLIST_FILE = YES;
				INFOPLIST_FILE = Catstagram/Info.plist;
				INFOPLIST_KEY_UIApplicationSupportsIndirectInputEvents = YES;
				INFOPLIST_KEY_UILaunchStoryboardName = LaunchScreen;
				INFOPLIST_KEY_UIMainStoryboardFile = Main;
				INFOPLIST_KEY_UISupportedInterfaceOrientations_iPad = "UIInterfaceOrientationPortrait UIInterfaceOrientationPortraitUpsideDown UIInterfaceOrientationLandscapeLeft UIInterfaceOrientationLandscapeRight";
				INFOPLIST_KEY_UISupportedInterfaceOrientations_iPhone = "UIInterfaceOrientationPortrait UIInterfaceOrientationLandscapeLeft UIInterfaceOrientationLandscapeRight";
				LD_RUNPATH_SEARCH_PATHS = (
					"$(inherited)",
					"@executable_path/Frameworks",
				);
				MARKETING_VERSION = 1.0;
				PRODUCT_BUNDLE_IDENTIFIER = uno.Catstagram;
				PRODUCT_NAME = "$(TARGET_NAME)";
				SWIFT_EMIT_LOC_STRINGS = YES;
				SWIFT_VERSION = 5.0;
				TARGETED_DEVICE_FAMILY = "1,2";
			};
			name = Release;
		};
/* End XCBuildConfiguration section */

/* Begin XCConfigurationList section */
		2C6E72172BE3913B001B93CD /* Build configuration list for PBXProject "Catstagram" */ = {
			isa = XCConfigurationList;
			buildConfigurations = (
				2C6E722E2BE3913C001B93CD /* Debug */,
				2C6E722F2BE3913C001B93CD /* Release */,
			);
			defaultConfigurationIsVisible = 0;
			defaultConfigurationName = Release;
		};
		2C6E72302BE3913C001B93CD /* Build configuration list for PBXNativeTarget "Catstagram" */ = {
			isa = XCConfigurationList;
			buildConfigurations = (
				2C6E72312BE3913C001B93CD /* Debug */,
				2C6E72322BE3913C001B93CD /* Release */,
			);
			defaultConfigurationIsVisible = 0;
			defaultConfigurationName = Release;
		};
/* End XCConfigurationList section */
	};
	rootObject = 2C6E72142BE3913B001B93CD /* Project object */;
}
